{
  "name": "scanner-screen",
  "lockfileVersion": 3,
  "requires": true,
  "packages": {
    "": {
      "dependencies": {
        "@wails/runtime": "^1.3.20",
        "granim": "^2.0.0",
        "lucide-react": "^0.482.0"
      }
    },
    "node_modules/@wails/runtime": {
      "version": "1.3.20",
      "resolved": "https://registry.npmjs.org/@wails/runtime/-/runtime-1.3.20.tgz",
      "integrity": "sha512-CGX//m90re65ovCGqFMdABhQCdzH8pmHlCHallzRaAt432ClPtGO0MZBoHasE+HZYcYodZKKnzHgn8sssLswtw=="
    },
    "node_modules/granim": {
      "version": "2.0.0",
      "resolved": "https://registry.npmjs.org/granim/-/granim-2.0.0.tgz",
      "integrity": "sha512-aqa79K49ndjoUBtpYzlO8sKcuVQED+5axvX0SveqTLDR+Fa2G42AGntuQ36ysCFOWGVkWCLfHowFwk+D/9rGDg=="
    },
    "node_modules/lucide-react": {
      "version": "0.482.0",
      "resolved": "https://registry.npmjs.org/lucide-react/-/lucide-react-0.482.0.tgz",
      "integrity": "sha512-XM8PzHzSrg8ATmmO+fzf+JyYlVVdQnJjuyLDj2p4V2zEtcKeBNAqAoJIGFv1x2HSBa7kT8gpYUxwdQ0g7nypfw==",
      "peerDependencies": {
        "react": "^16.5.1 || ^17.0.0 || ^18.0.0 || ^19.0.0"
      }
    },
    "node_modules/react": {
      "version": "19.0.0",
      "resolved": "https://registry.npmjs.org/react/-/react-19.0.0.tgz",
      "integrity": "sha512-V8AVnmPIICiWpGfm6GLzCR/W5FXLchHop40W4nXBmdlEceh16rCN8O8LNWm5bh5XUX91fh7KpA+W0TgMKmgTpQ==",
      "peer": true,
      "engines": {
        "node": ">=0.10.0"
      }
    }
  }
}
